
Microsoft Visual Studio Solution File, Format Version 12.00
# Visual Studio Version 16
VisualStudioVersion = 16.0.31112.23
MinimumVisualStudioVersion = 10.0.40219.1
Project("{FAE04EC0-301F-11D3-BF4B-00C04F79EFBC}") = "ASPNETCoreEFCoreCrudOperation", "ASPNETCoreEFCoreCrudOperation\ASPNETCoreEFCoreCrudOperation.csproj", "{80BF8A55-39FA-410F-B6D8-18135138DCAF}"
EndProject
Global
	GlobalSection(SolutionConfigurationPlatforms) = preSolution
		Debug|Any CPU = Debug|Any CPU
		Release|Any CPU = Release|Any CPU
	EndGlobalSection
	GlobalSection(ProjectConfigurationPlatforms) = postSolution
		{80BF8A55-39FA-410F-B6D8-18135138DCAF}.Debug|Any CPU.ActiveCfg = Debug|Any CPU
		{80BF8A55-39FA-410F-B6D8-18135138DCAF}.Debug|Any CPU.Build.0 = Debug|Any CPU
		{80BF8A55-39FA-410F-B6D8-18135138DCAF}.Release|Any CPU.ActiveCfg = Release|Any CPU
		{80BF8A55-39FA-410F-B6D8-18135138DCAF}.Release|Any CPU.Build.0 = Release|Any CPU
	EndGlobalSection
	GlobalSection(SolutionProperties) = preSolution
		HideSolutionNode = FALSE
	EndGlobalSection
	GlobalSection(ExtensibilityGlobals) = postSolution
		SolutionGuid = {8C4BBBB1-38A8-4881-83F6-F83351D7F230}
	EndGlobalSection
EndGlobal
